
Microsoft Visual Studio Solution File, Format Version 12.00
# Visual Studio Version 17
VisualStudioVersion = 17.2.32526.322
MinimumVisualStudioVersion = 10.0.40219.1
Project("{FAE04EC0-301F-11D3-BF4B-00C04F79EFBC}") = "Lab4Ex2.UserIn2", "Lab4Ex2.UserIn2.csproj", "{B1A7E438-3DFB-4925-8493-E31E66FEEF01}"
EndProject
Global
	GlobalSection(SolutionConfigurationPlatforms) = preSolution
		Debug|Any CPU = Debug|Any CPU
		Release|Any CPU = Release|Any CPU
	EndGlobalSection
	GlobalSection(ProjectConfigurationPlatforms) = postSolution
		{B1A7E438-3DFB-4925-8493-E31E66FEEF01}.Debug|Any CPU.ActiveCfg = Debug|Any CPU
		{B1A7E438-3DFB-4925-8493-E31E66FEEF01}.Debug|Any CPU.Build.0 = Debug|Any CPU
		{B1A7E438-3DFB-4925-8493-E31E66FEEF01}.Release|Any CPU.ActiveCfg = Release|Any CPU
		{B1A7E438-3DFB-4925-8493-E31E66FEEF01}.Release|Any CPU.Build.0 = Release|Any CPU
	EndGlobalSection
	GlobalSection(SolutionProperties) = preSolution
		HideSolutionNode = FALSE
	EndGlobalSection
	GlobalSection(ExtensibilityGlobals) = postSolution
		SolutionGuid = {73B44787-2E8C-4EFC-A3E4-1C09422CF7ED}
	EndGlobalSection
EndGlobal
