
Microsoft Visual Studio Solution File, Format Version 12.00
# Visual Studio Version 17
VisualStudioVersion = 17.2.32526.322
MinimumVisualStudioVersion = 10.0.40219.1
Project("{FAE04EC0-301F-11D3-BF4B-00C04F79EFBC}") = "Lab4Ex1.UserIn1", "Lab4Ex1.UserIn1\Lab4Ex1.UserIn1.csproj", "{72B19A01-EE91-496E-A77D-78A7004A9601}"
EndProject
Global
	GlobalSection(SolutionConfigurationPlatforms) = preSolution
		Debug|Any CPU = Debug|Any CPU
		Release|Any CPU = Release|Any CPU
	EndGlobalSection
	GlobalSection(ProjectConfigurationPlatforms) = postSolution
		{72B19A01-EE91-496E-A77D-78A7004A9601}.Debug|Any CPU.ActiveCfg = Debug|Any CPU
		{72B19A01-EE91-496E-A77D-78A7004A9601}.Debug|Any CPU.Build.0 = Debug|Any CPU
		{72B19A01-EE91-496E-A77D-78A7004A9601}.Release|Any CPU.ActiveCfg = Release|Any CPU
		{72B19A01-EE91-496E-A77D-78A7004A9601}.Release|Any CPU.Build.0 = Release|Any CPU
	EndGlobalSection
	GlobalSection(SolutionProperties) = preSolution
		HideSolutionNode = FALSE
	EndGlobalSection
	GlobalSection(ExtensibilityGlobals) = postSolution
		SolutionGuid = {ABE7EE3A-0297-49C6-98E9-9BD40BF0A47F}
	EndGlobalSection
EndGlobal
