
Microsoft Visual Studio Solution File, Format Version 12.00
# Visual Studio Version 17
VisualStudioVersion = 17.2.32526.322
MinimumVisualStudioVersion = 10.0.40219.1
Project("{FAE04EC0-301F-11D3-BF4B-00C04F79EFBC}") = "Lab1Ex1.WpfHello", "Lab1Ex1.WpfHello.csproj", "{B8E4AED1-C3AC-43DA-9BDC-8B39DC9B0F10}"
EndProject
Global
	GlobalSection(SolutionConfigurationPlatforms) = preSolution
		Debug|Any CPU = Debug|Any CPU
		Release|Any CPU = Release|Any CPU
	EndGlobalSection
	GlobalSection(ProjectConfigurationPlatforms) = postSolution
		{B8E4AED1-C3AC-43DA-9BDC-8B39DC9B0F10}.Debug|Any CPU.ActiveCfg = Debug|Any CPU
		{B8E4AED1-C3AC-43DA-9BDC-8B39DC9B0F10}.Debug|Any CPU.Build.0 = Debug|Any CPU
		{B8E4AED1-C3AC-43DA-9BDC-8B39DC9B0F10}.Release|Any CPU.ActiveCfg = Release|Any CPU
		{B8E4AED1-C3AC-43DA-9BDC-8B39DC9B0F10}.Release|Any CPU.Build.0 = Release|Any CPU
	EndGlobalSection
	GlobalSection(SolutionProperties) = preSolution
		HideSolutionNode = FALSE
	EndGlobalSection
	GlobalSection(ExtensibilityGlobals) = postSolution
		SolutionGuid = {6BD15CF5-C32E-49EB-A45D-E4076E7F23BD}
	EndGlobalSection
EndGlobal
